<?xml version="1.0" encoding="utf-8"?>
<Project ToolsVersion="4.0" xmlns="http://schemas.microsoft.com/developer/msbuild/2003">
  <ItemGroup>
    <Midl Include="MainWindow.idl" />
    <Midl Include="GroupAudioCallViewModel.idl">
      <Filter>App</Filter>
    </Midl>
  </ItemGroup>
  <ItemGroup>
    <ClCompile Include="..\src\ConferenceEventListener.cpp">
      <Filter>src</Filter>
    </ClCompile>
    <ClCompile Include="..\src\GroupAudioCallController.cpp">
      <Filter>src</Filter>
    </ClCompile>
    <ClCompile Include="$(GeneratedFilesDir)module.g.cpp">
      <Filter>App</Filter>
    </ClCompile>
    <ClCompile Include="pch.cpp">
      <Filter>App</Filter>
    </ClCompile>
    <ClCompile Include="GroupAudioCallViewModel.cpp">
      <Filter>App</Filter>
    </ClCompile>
    <ClCompile Include="EventListener.cpp">
      <Filter>App</Filter>
    </ClCompile>
  </ItemGroup>
  <ItemGroup>
    <ClInclude Include="..\src\ConferenceEventListener.h">
      <Filter>src</Filter>
    </ClInclude>
    <ClInclude Include="..\src\Constants.h">
      <Filter>src</Filter>
    </ClInclude>
    <ClInclude Include="..\src\GroupAudioCallController.h">
      <Filter>src</Filter>
    </ClInclude>
    <ClInclude Include="..\src\GroupAudioCallEventListener.h">
      <Filter>src</Filter>
    </ClInclude>
    <ClInclude Include="pch.h">
      <Filter>App</Filter>
    </ClInclude>
    <ClInclude Include="GroupAudioCallViewModel.h">
      <Filter>App</Filter>
    </ClInclude>
    <ClInclude Include="EventListener.h">
      <Filter>App</Filter>
    </ClInclude>
  </ItemGroup>
  <ItemGroup>
    <Image Include="Assets\Wide310x150Logo.scale-200.png">
      <Filter>Assets</Filter>
    </Image>
    <Image Include="Assets\StoreLogo.png">
      <Filter>Assets</Filter>
    </Image>
    <Image Include="Assets\Square150x150Logo.scale-200.png">
      <Filter>Assets</Filter>
    </Image>
    <Image Include="Assets\Square44x44Logo.targetsize-24_altform-unplated.png">
      <Filter>Assets</Filter>
    </Image>
    <Image Include="Assets\Square44x44Logo.scale-200.png">
      <Filter>Assets</Filter>
    </Image>
    <Image Include="Assets\SplashScreen.scale-200.png">
      <Filter>Assets</Filter>
    </Image>
    <Image Include="Assets\LockScreenLogo.scale-200.png">
      <Filter>Assets</Filter>
    </Image>
  </ItemGroup>
  <ItemGroup>
    <Filter Include="Assets">
      <UniqueIdentifier>{51ca5d6c-acf2-48c6-ba5d-a277ba4d1c86}</UniqueIdentifier>
    </Filter>
    <Filter Include="src">
      <UniqueIdentifier>{47efeb7a-1ff6-46f1-beb4-970931d69ab7}</UniqueIdentifier>
    </Filter>
    <Filter Include="App">
      <UniqueIdentifier>{6c9a04f7-2d4b-42b7-ab34-4fe31aabb605}</UniqueIdentifier>
    </Filter>
  </ItemGroup>
  <ItemGroup>
    <Text Include="readme.txt" />
  </ItemGroup>
  <ItemGroup>
    <Manifest Include="app.manifest" />
  </ItemGroup>
  <ItemGroup>
    <Natvis Include="$(MSBuildThisFileDirectory)..\..\natvis\wil.natvis" />
  </ItemGroup>
  <ItemGroup>
    <ApplicationDefinition Include="App.xaml">
      <Filter>App</Filter>
    </ApplicationDefinition>
  </ItemGroup>
  <ItemGroup>
    <Page Include="MainWindow.xaml">
      <Filter>App</Filter>
    </Page>
  </ItemGroup>
  <ItemGroup>
    <None Include="packages.config">
      <Filter>App</Filter>
    </None>
  </ItemGroup>
</Project>